github.com/saktibimantara/go-http v0.0.3 h1:/6LIxeUsfpDNXnZ/TIxz1ya/fnlsZq3LE1Qg391bt9I=
github.com/saktibimantara/go-http v0.0.3/go.mod h1:7o5nLUtFLy9cmUlWPwKRp7S5L+Oe0+RBQ95a4mFCHi0=
github.com/saktibimantara/go-open-meteo v0.0.12 h1:2f4mC8PRsI8WSWBrf1L6IDckEccwy3mkVLFsHHdFzbY=
github.com/saktibimantara/go-open-meteo v0.0.12/go.mod h1:wI/8hU6lCwMajJBo5Ve3Ce9/WNWmvMG+Q//R/EGu454=
github.com/saktibimantara/go-open-meteo v0.0.13 h1:2euHIOFwitxIhP5hzlJ4zmJpZlmlnHlQ0M1k3CLBG7w=
github.com/saktibimantara/go-open-meteo v0.0.13/go.mod h1:wI/8hU6lCwMajJBo5Ve3Ce9/WNWmvMG+Q//R/EGu454=
github.com/saktibimantara/go-open-meteo v0.0.14 h1:e6FFAU2YEMlT0GQgSWGMAZ1jpHhPXS+aAmUEjK8sc8Y=
github.com/saktibimantara/go-open-meteo v0.0.14/go.mod h1:wI/8hU6lCwMajJBo5Ve3Ce9/WNWmvMG+Q//R/EGu454=
