github.com/saktibimantara/go-http v0.0.3 h1:/6LIxeUsfpDNXnZ/TIxz1ya/fnlsZq3LE1Qg391bt9I=
github.com/saktibimantara/go-http v0.0.3/go.mod h1:7o5nLUtFLy9cmUlWPwKRp7S5L+Oe0+RBQ95a4mFCHi0=
github.com/saktibimantara/go-open-meteo v0.0.15 h1:Mvd7gzTYNZ9nk0wW9dlDN8rKSX9pJEtSflpcjxsF9jg=
github.com/saktibimantara/go-open-meteo v0.0.15/go.mod h1:wI/8hU6lCwMajJBo5Ve3Ce9/WNWmvMG+Q//R/EGu454=
